
Microsoft Visual Studio Solution File, Format Version 12.00
# Visual Studio Version 17
VisualStudioVersion = 17.1.32228.430
MinimumVisualStudioVersion = 10.0.40219.1
Project("{FAE04EC0-301F-11D3-BF4B-00C04F79EFBC}") = "Number_Guesser", "Number_Guesser\Number_Guesser.csproj", "{20C8D3A1-F8FA-421B-A1C2-3104F6810E03}"
EndProject
Global
	GlobalSection(SolutionConfigurationPlatforms) = preSolution
		Debug|Any CPU = Debug|Any CPU
		Release|Any CPU = Release|Any CPU
	EndGlobalSection
	GlobalSection(ProjectConfigurationPlatforms) = postSolution
		{20C8D3A1-F8FA-421B-A1C2-3104F6810E03}.Debug|Any CPU.ActiveCfg = Debug|Any CPU
		{20C8D3A1-F8FA-421B-A1C2-3104F6810E03}.Debug|Any CPU.Build.0 = Debug|Any CPU
		{20C8D3A1-F8FA-421B-A1C2-3104F6810E03}.Release|Any CPU.ActiveCfg = Release|Any CPU
		{20C8D3A1-F8FA-421B-A1C2-3104F6810E03}.Release|Any CPU.Build.0 = Release|Any CPU
	EndGlobalSection
	GlobalSection(SolutionProperties) = preSolution
		HideSolutionNode = FALSE
	EndGlobalSection
	GlobalSection(ExtensibilityGlobals) = postSolution
		SolutionGuid = {C98CD0C3-5943-4710-BF04-0089D682810F}
	EndGlobalSection
EndGlobal
